// !$*UTF8*$!
{
	archiveVersion = 1;
	classes = {
	};
	objectVersion = 46;
	objects = {

/* Begin PBXBuildFile section */
		0A4B77BA1C3A5DB20003DBD3 /* bjdc_howto.html in Resources */ = {isa = PBXBuildFile; fileRef = 0A4B77991C3A5DB10003DBD3 /* bjdc_howto.html */; };
		0A4B77BB1C3A5DB20003DBD3 /* coupon_help.html in Resources */ = {isa = PBXBuildFile; fileRef = 0A4B779A1C3A5DB10003DBD3 /* coupon_help.html */; };
		0A4B77BC1C3A5DB20003DBD3 /* credit_help.html in Resources */ = {isa = PBXBuildFile; fileRef = 0A4B779B1C3A5DB10003DBD3 /* credit_help.html */; };
		0A4B77BD1C3A5DB20003DBD3 /* dlt_howto.html in Resources */ = {isa = PBXBuildFile; fileRef = 0A4B779C1C3A5DB10003DBD3 /* dlt_howto.html */; };
		0A4B77BE1C3A5DB20003DBD3 /* f9_howto.html in Resources */ = {isa = PBXBuildFile; fileRef = 0A4B779D1C3A5DB10003DBD3 /* f9_howto.html */; };
		0A4B77BF1C3A5DB20003DBD3 /* gdy11_howto.html in Resources */ = {isa = PBXBuildFile; fileRef = 0A4B779E1C3A5DB10003DBD3 /* gdy11_howto.html */; };
		0A4B77C01C3A5DB20003DBD3 /* group_record.html in Resources */ = {isa = PBXBuildFile; fileRef = 0A4B779F1C3A5DB10003DBD3 /* group_record.html */; };
		0A4B77C11C3A5DB20003DBD3 /* help.html in Resources */ = {isa = PBXBuildFile; fileRef = 0A4B77A01C3A5DB10003DBD3 /* help.html */; };
		0A4B77C21C3A5DB20003DBD3 /* helpGroupBuy.html in Resources */ = {isa = PBXBuildFile; fileRef = 0A4B77A11C3A5DB10003DBD3 /* helpGroupBuy.html */; };
		0A4B77C31C3A5DB20003DBD3 /* jclq_howto.html in Resources */ = {isa = PBXBuildFile; fileRef = 0A4B77A21C3A5DB10003DBD3 /* jclq_howto.html */; };
		0A4B77C41C3A5DB20003DBD3 /* jczq_howto.html in Resources */ = {isa = PBXBuildFile; fileRef = 0A4B77A31C3A5DB10003DBD3 /* jczq_howto.html */; };
		0A4B77C51C3A5DB20003DBD3 /* jxssc_howto.html in Resources */ = {isa = PBXBuildFile; fileRef = 0A4B77A41C3A5DB10003DBD3 /* jxssc_howto.html */; };
		0A4B77C61C3A5DB20003DBD3 /* jxy11_howto.html in Resources */ = {isa = PBXBuildFile; fileRef = 0A4B77A51C3A5DB10003DBD3 /* jxy11_howto.html */; };
		0A4B77C71C3A5DB20003DBD3 /* k2_howto.html in Resources */ = {isa = PBXBuildFile; fileRef = 0A4B77A61C3A5DB10003DBD3 /* k2_howto.html */; };
		0A4B77C81C3A5DB20003DBD3 /* k3_howto.html in Resources */ = {isa = PBXBuildFile; fileRef = 0A4B77A71C3A5DB10003DBD3 /* k3_howto.html */; };
		0A4B77C91C3A5DB20003DBD3 /* kl8_howto.html in Resources */ = {isa = PBXBuildFile; fileRef = 0A4B77A81C3A5DB10003DBD3 /* kl8_howto.html */; };
		0A4B77CA1C3A5DB20003DBD3 /* lk11_howto.html in Resources */ = {isa = PBXBuildFile; fileRef = 0A4B77A91C3A5DB10003DBD3 /* lk11_howto.html */; };
		0A4B77CB1C3A5DB20003DBD3 /* networkconnectedfailed.html in Resources */ = {isa = PBXBuildFile; fileRef = 0A4B77AA1C3A5DB10003DBD3 /* networkconnectedfailed.html */; };
		0A4B77CC1C3A5DB20003DBD3 /* pl3_howto.html in Resources */ = {isa = PBXBuildFile; fileRef = 0A4B77AB1C3A5DB10003DBD3 /* pl3_howto.html */; };
		0A4B77CD1C3A5DB20003DBD3 /* pl5_howto.html in Resources */ = {isa = PBXBuildFile; fileRef = 0A4B77AC1C3A5DB10003DBD3 /* pl5_howto.html */; };
		0A4B77CE1C3A5DB20003DBD3 /* qlc_howto.html in Resources */ = {isa = PBXBuildFile; fileRef = 0A4B77AD1C3A5DB10003DBD3 /* qlc_howto.html */; };
		0A4B77CF1C3A5DB20003DBD3 /* qxc_howto.html in Resources */ = {isa = PBXBuildFile; fileRef = 0A4B77AE1C3A5DB10003DBD3 /* qxc_howto.html */; };
		0A4B77D01C3A5DB20003DBD3 /* rule.css in Resources */ = {isa = PBXBuildFile; fileRef = 0A4B77AF1C3A5DB20003DBD3 /* rule.css */; };
		0A4B77D11C3A5DB20003DBD3 /* sfc_howto.html in Resources */ = {isa = PBXBuildFile; fileRef = 0A4B77B01C3A5DB20003DBD3 /* sfc_howto.html */; };
		0A4B77D21C3A5DB20003DBD3 /* ssc_howto.html in Resources */ = {isa = PBXBuildFile; fileRef = 0A4B77B11C3A5DB20003DBD3 /* ssc_howto.html */; };
		0A4B77D31C3A5DB20003DBD3 /* ssq_howto.html in Resources */ = {isa = PBXBuildFile; fileRef = 0A4B77B21C3A5DB20003DBD3 /* ssq_howto.html */; };
		0A4B77D41C3A5DB20003DBD3 /* x3d_howto.html in Resources */ = {isa = PBXBuildFile; fileRef = 0A4B77B31C3A5DB20003DBD3 /* x3d_howto.html */; };
		0A4B77D51C3A5DB20003DBD3 /* y11_howto.html in Resources */ = {isa = PBXBuildFile; fileRef = 0A4B77B41C3A5DB20003DBD3 /* y11_howto.html */; };
		0A4B77D61C3A5DB20003DBD3 /* znzh.html in Resources */ = {isa = PBXBuildFile; fileRef = 0A4B77B51C3A5DB20003DBD3 /* znzh.html */; };
		0A4B77D71C3A5DB20003DBD3 /* help.json in Resources */ = {isa = PBXBuildFile; fileRef = 0A4B77B71C3A5DB20003DBD3 /* help.json */; };
		0A4B77D81C3A5DB20003DBD3 /* more_project.json in Resources */ = {isa = PBXBuildFile; fileRef = 0A4B77B81C3A5DB20003DBD3 /* more_project.json */; };
		0A4B77D91C3A5DB20003DBD3 /* products.json in Resources */ = {isa = PBXBuildFile; fileRef = 0A4B77B91C3A5DB20003DBD3 /* products.json */; };
		0AD9A35E1C2CE32E00EAD258 /* main.m in Sources */ = {isa = PBXBuildFile; fileRef = 0AD9A35D1C2CE32E00EAD258 /* main.m */; };
		0AD9A3611C2CE32E00EAD258 /* AppDelegate.m in Sources */ = {isa = PBXBuildFile; fileRef = 0AD9A3601C2CE32E00EAD258 /* AppDelegate.m */; };
		0AD9A3691C2CE32E00EAD258 /* Assets.xcassets in Resources */ = {isa = PBXBuildFile; fileRef = 0AD9A3681C2CE32E00EAD258 /* Assets.xcassets */; };
		0AD9A36C1C2CE32E00EAD258 /* LaunchScreen.storyboard in Resources */ = {isa = PBXBuildFile; fileRef = 0AD9A36A1C2CE32E00EAD258 /* LaunchScreen.storyboard */; };
		0AD9A3771C2CE32E00EAD258 /* ________Tests.m in Sources */ = {isa = PBXBuildFile; fileRef = 0AD9A3761C2CE32E00EAD258 /* ________Tests.m */; };
		0AD9A3821C2CE32E00EAD258 /* ________UITests.m in Sources */ = {isa = PBXBuildFile; fileRef = 0AD9A3811C2CE32E00EAD258 /* ________UITests.m */; };
		0AD9A3B41C2CE64500EAD258 /* GGMainController.m in Sources */ = {isa = PBXBuildFile; fileRef = 0AD9A3B31C2CE64500EAD258 /* GGMainController.m */; };
		0AD9A3B61C2CE76100EAD258 /* GGHall.storyboard in Resources */ = {isa = PBXBuildFile; fileRef = 0AD9A3B51C2CE76100EAD258 /* GGHall.storyboard */; };
		0AD9A3B81C2CE7F700EAD258 /* GGArena.storyboard in Resources */ = {isa = PBXBuildFile; fileRef = 0AD9A3B71C2CE7F700EAD258 /* GGArena.storyboard */; };
		0AD9A3BA1C2CE87200EAD258 /* GGDiscovery.storyboard in Resources */ = {isa = PBXBuildFile; fileRef = 0AD9A3B91C2CE87200EAD258 /* GGDiscovery.storyboard */; };
		0AD9A3BC1C2CE8BB00EAD258 /* GGHistory.storyboard in Resources */ = {isa = PBXBuildFile; fileRef = 0AD9A3BB1C2CE8BB00EAD258 /* GGHistory.storyboard */; };
		0AD9A3BE1C2CE91600EAD258 /* GGMyLottery.storyboard in Resources */ = {isa = PBXBuildFile; fileRef = 0AD9A3BD1C2CE91600EAD258 /* GGMyLottery.storyboard */; };
		0AD9A3C11C2CED3D00EAD258 /* GGButtonTabbar.m in Sources */ = {isa = PBXBuildFile; fileRef = 0AD9A3C01C2CED3D00EAD258 /* GGButtonTabbar.m */; };
		0AD9A3C41C2D2C9700EAD258 /* GGcancleLight.m in Sources */ = {isa = PBXBuildFile; fileRef = 0AD9A3C31C2D2C9700EAD258 /* GGcancleLight.m */; };
		0AD9A3C71C2D302300EAD258 /* GGArenaController.m in Sources */ = {isa = PBXBuildFile; fileRef = 0AD9A3C61C2D302300EAD258 /* GGArenaController.m */; };
		0AD9A3CA1C2D35D300EAD258 /* GGArenaNavigationController.m in Sources */ = {isa = PBXBuildFile; fileRef = 0AD9A3C91C2D35D300EAD258 /* GGArenaNavigationController.m */; };
		0AD9A3CD1C2D417E00EAD258 /* GGHallController.m in Sources */ = {isa = PBXBuildFile; fileRef = 0AD9A3CC1C2D417E00EAD258 /* GGHallController.m */; };
		0AD9A3D01C2D5BF500EAD258 /* GGHallNavViewController.m in Sources */ = {isa = PBXBuildFile; fileRef = 0AD9A3CF1C2D5BF500EAD258 /* GGHallNavViewController.m */; };
		0AD9A3D31C2D632100EAD258 /* GGLuckyChooseController.m in Sources */ = {isa = PBXBuildFile; fileRef = 0AD9A3D21C2D632100EAD258 /* GGLuckyChooseController.m */; };
		0AD9A3D61C2D7CD200EAD258 /* ViewController.m in Sources */ = {isa = PBXBuildFile; fileRef = 0AD9A3D51C2D7CD200EAD258 /* ViewController.m */; };
		0AD9A3DB1C2D7CEF00EAD258 /* GGTurntableView.m in Sources */ = {isa = PBXBuildFile; fileRef = 0AD9A3D81C2D7CEF00EAD258 /* GGTurntableView.m */; };
		0AD9A3DC1C2D7CEF00EAD258 /* GGTurntable.xib in Resources */ = {isa = PBXBuildFile; fileRef = 0AD9A3D91C2D7CEF00EAD258 /* GGTurntable.xib */; };
		0AD9A3E01C2D7CF800EAD258 /* GGSelctionButton.m in Sources */ = {isa = PBXBuildFile; fileRef = 0AD9A3DF1C2D7CF800EAD258 /* GGSelctionButton.m */; };
		0AD9A3E31C2E2C2A00EAD258 /* GGAllLotteryController.m in Sources */ = {isa = PBXBuildFile; fileRef = 0AD9A3E21C2E2C2A00EAD258 /* GGAllLotteryController.m */; };
		0AD9A3E61C2E399700EAD258 /* GGMyLotteryController.m in Sources */ = {isa = PBXBuildFile; fileRef = 0AD9A3E51C2E399700EAD258 /* GGMyLotteryController.m */; };
		0AD9A3EC1C2E3EFB00EAD258 /* GGMianSettingController.m in Sources */ = {isa = PBXBuildFile; fileRef = 0AD9A3EB1C2E3EFB00EAD258 /* GGMianSettingController.m */; };
		0AD9A3EF1C2E417900EAD258 /* GGNormalQuestionController.m in Sources */ = {isa = PBXBuildFile; fileRef = 0AD9A3EE1C2E417900EAD258 /* GGNormalQuestionController.m */; };
		0AD9A3F11C2E71FC00EAD258 /* HMSettingsIndex.plist in Resources */ = {isa = PBXBuildFile; fileRef = 0AD9A3F01C2E71FC00EAD258 /* HMSettingsIndex.plist */; };
		0AD9A3F51C2E768D00EAD258 /* GGMainSettingTableViewCell.m in Sources */ = {isa = PBXBuildFile; fileRef = 0AD9A3F41C2E768D00EAD258 /* GGMainSettingTableViewCell.m */; };
		0AD9A3F81C2E82DE00EAD258 /* GGUserConvertController.m in Sources */ = {isa = PBXBuildFile; fileRef = 0AD9A3F71C2E82DE00EAD258 /* GGUserConvertController.m */; };
		0AD9A3FA1C2E894400EAD258 /* HMSettingsPushRemind.plist in Resources */ = {isa = PBXBuildFile; fileRef = 0AD9A3F91C2E894400EAD258 /* HMSettingsPushRemind.plist */; };
		0AD9A4001C2E8A3400EAD258 /* HMSettingsPush03.plist in Resources */ = {isa = PBXBuildFile; fileRef = 0AD9A3FB1C2E8A3400EAD258 /* HMSettingsPush03.plist */; };
		0AD9A4011C2E8A3400EAD258 /* HMSettingsPush04.plist in Resources */ = {isa = PBXBuildFile; fileRef = 0AD9A3FC1C2E8A3400EAD258 /* HMSettingsPush04.plist */; };
		0AD9A4021C2E8A3400EAD258 /* HMSettingsPush01.plist in Resources */ = {isa = PBXBuildFile; fileRef = 0AD9A3FD1C2E8A3400EAD258 /* HMSettingsPush01.plist */; };
		0AD9A4031C2E8A3400EAD258 /* HMSettingsPush02.plist in Resources */ = {isa = PBXBuildFile; fileRef = 0AD9A3FE1C2E8A3400EAD258 /* HMSettingsPush02.plist */; };
		0AD9A4041C2E8A3400EAD258 /* HMSettingsAbout.plist in Resources */ = {isa = PBXBuildFile; fileRef = 0AD9A3FF1C2E8A3400EAD258 /* HMSettingsAbout.plist */; };
		0AD9A40A1C2EADB900EAD258 /* GGAboutController.m in Sources */ = {isa = PBXBuildFile; fileRef = 0AD9A4091C2EADB900EAD258 /* GGAboutController.m */; };
		0AD9A40D1C2EB02500EAD258 /* GGAboutHeadView.m in Sources */ = {isa = PBXBuildFile; fileRef = 0AD9A40C1C2EB02500EAD258 /* GGAboutHeadView.m */; };
		0AD9A40F1C2EB03B00EAD258 /* GGAboutHeadView.xib in Resources */ = {isa = PBXBuildFile; fileRef = 0AD9A40E1C2EB03B00EAD258 /* GGAboutHeadView.xib */; };
		0AD9A4121C2EB49900EAD258 /* GGProductShareController.m in Sources */ = {isa = PBXBuildFile; fileRef = 0AD9A4111C2EB49900EAD258 /* GGProductShareController.m */; };
		0AD9A4181C2FCBEE00EAD258 /* GGLiveSourceTableViewCell.m in Sources */ = {isa = PBXBuildFile; fileRef = 0AD9A4171C2FCBEE00EAD258 /* GGLiveSourceTableViewCell.m */; };
		0AD9A41B1C2FD79800EAD258 /* GGLiveScorePushController.m in Sources */ = {isa = PBXBuildFile; fileRef = 0AD9A41A1C2FD79800EAD258 /* GGLiveScorePushController.m */; };
		0AD9A41E1C311AD000EAD258 /* GGLaunchController.m in Sources */ = {isa = PBXBuildFile; fileRef = 0AD9A41D1C311AD000EAD258 /* GGLaunchController.m */; };
		0AD9A4211C3120B700EAD258 /* GGProductModel.m in Sources */ = {isa = PBXBuildFile; fileRef = 0AD9A4201C3120B700EAD258 /* GGProductModel.m */; };
		0AD9A4651C31256D00EAD258 /* GGProductCell.m in Sources */ = {isa = PBXBuildFile; fileRef = 0AD9A4631C31256D00EAD258 /* GGProductCell.m */; };
		0AD9A4661C31256D00EAD258 /* GGProductCell.xib in Resources */ = {isa = PBXBuildFile; fileRef = 0AD9A4641C31256D00EAD258 /* GGProductCell.xib */; };
		0AD9A4691C314BA100EAD258 /* GGQuestionModel.m in Sources */ = {isa = PBXBuildFile; fileRef = 0AD9A4681C314BA100EAD258 /* GGQuestionModel.m */; };
		0AD9A46C1C314EAC00EAD258 /* GGQuestionCell.m in Sources */ = {isa = PBXBuildFile; fileRef = 0AD9A46B1C314EAC00EAD258 /* GGQuestionCell.m */; };
		0AD9A46F1C3151EA00EAD258 /* GGWebController.m in Sources */ = {isa = PBXBuildFile; fileRef = 0AD9A46E1C3151EA00EAD258 /* GGWebController.m */; };
		0AD9A4781C31866400EAD258 /* GGWebViewController.m in Sources */ = {isa = PBXBuildFile; fileRef = 0AD9A4771C31866400EAD258 /* GGWebViewController.m */; };
		0AD9A47B1C3194A500EAD258 /* GGCollectionCell.m in Sources */ = {isa = PBXBuildFile; fileRef = 0AD9A47A1C3194A500EAD258 /* GGCollectionCell.m */; };
/* End PBXBuildFile section */

/* Begin PBXContainerItemProxy section */
		0AD9A3731C2CE32E00EAD258 /* PBXContainerItemProxy */ = {
			isa = PBXContainerItemProxy;
			containerPortal = 0AD9A3511C2CE32E00EAD258 /* Project object */;
			proxyType = 1;
			remoteGlobalIDString = 0AD9A3581C2CE32E00EAD258;
			remoteInfo = "彩票彩票买彩票啦";
		};
		0AD9A37E1C2CE32E00EAD258 /* PBXContainerItemProxy */ = {
			isa = PBXContainerItemProxy;
			containerPortal = 0AD9A3511C2CE32E00EAD258 /* Project object */;
			proxyType = 1;
			remoteGlobalIDString = 0AD9A3581C2CE32E00EAD258;
			remoteInfo = "彩票彩票买彩票啦";
		};
/* End PBXContainerItemProxy section */

/* Begin PBXFileReference section */
		0A4B77991C3A5DB10003DBD3 /* bjdc_howto.html */ = {isa = PBXFileReference; fileEncoding = 4; lastKnownFileType = text.html; path = bjdc_howto.html; sourceTree = "<group>"; };
		0A4B779A1C3A5DB10003DBD3 /* coupon_help.html */ = {isa = PBXFileReference; fileEncoding = 4; lastKnownFileType = text.html; path = coupon_help.html; sourceTree = "<group>"; };
		0A4B779B1C3A5DB10003DBD3 /* credit_help.html */ = {isa = PBXFileReference; fileEncoding = 4; lastKnownFileType = text.html; path = credit_help.html; sourceTree = "<group>"; };
		0A4B779C1C3A5DB10003DBD3 /* dlt_howto.html */ = {isa = PBXFileReference; fileEncoding = 4; lastKnownFileType = text.html; path = dlt_howto.html; sourceTree = "<group>"; };
		0A4B779D1C3A5DB10003DBD3 /* f9_howto.html */ = {isa = PBXFileReference; fileEncoding = 4; lastKnownFileType = text.html; path = f9_howto.html; sourceTree = "<group>"; };
		0A4B779E1C3A5DB10003DBD3 /* gdy11_howto.html */ = {isa = PBXFileReference; fileEncoding = 4; lastKnownFileType = text.html; path = gdy11_howto.html; sourceTree = "<group>"; };
		0A4B779F1C3A5DB10003DBD3 /* group_record.html */ = {isa = PBXFileReference; fileEncoding = 4; lastKnownFileType = text.html; path = group_record.html; sourceTree = "<group>"; };
		0A4B77A01C3A5DB10003DBD3 /* help.html */ = {isa = PBXFileReference; fileEncoding = 4; lastKnownFileType = text.html; path = help.html; sourceTree = "<group>"; };
		0A4B77A11C3A5DB10003DBD3 /* helpGroupBuy.html */ = {isa = PBXFileReference; fileEncoding = 4; lastKnownFileType = text.html; path = helpGroupBuy.html; sourceTree = "<group>"; };
		0A4B77A21C3A5DB10003DBD3 /* jclq_howto.html */ = {isa = PBXFileReference; fileEncoding = 4; lastKnownFileType = text.html; path = jclq_howto.html; sourceTree = "<group>"; };
		0A4B77A31C3A5DB10003DBD3 /* jczq_howto.html */ = {isa = PBXFileReference; fileEncoding = 4; lastKnownFileType = text.html; path = jczq_howto.html; sourceTree = "<group>"; };
		0A4B77A41C3A5DB10003DBD3 /* jxssc_howto.html */ = {isa = PBXFileReference; fileEncoding = 4; lastKnownFileType = text.html; path = jxssc_howto.html; sourceTree = "<group>"; };
		0A4B77A51C3A5DB10003DBD3 /* jxy11_howto.html */ = {isa = PBXFileReference; fileEncoding = 4; lastKnownFileType = text.html; path = jxy11_howto.html; sourceTree = "<group>"; };
		0A4B77A61C3A5DB10003DBD3 /* k2_howto.html */ = {isa = PBXFileReference; fileEncoding = 4; lastKnownFileType = text.html; path = k2_howto.html; sourceTree = "<group>"; };
		0A4B77A71C3A5DB10003DBD3 /* k3_howto.html */ = {isa = PBXFileReference; fileEncoding = 4; lastKnownFileType = text.html; path = k3_howto.html; sourceTree = "<group>"; };
		0A4B77A81C3A5DB10003DBD3 /* kl8_howto.html */ = {isa = PBXFileReference; fileEncoding = 4; lastKnownFileType = text.html; path = kl8_howto.html; sourceTree = "<group>"; };
		0A4B77A91C3A5DB10003DBD3 /* lk11_howto.html */ = {isa = PBXFileReference; fileEncoding = 4; lastKnownFileType = text.html; path = lk11_howto.html; sourceTree = "<group>"; };
		0A4B77AA1C3A5DB10003DBD3 /* networkconnectedfailed.html */ = {isa = PBXFileReference; fileEncoding = 4; lastKnownFileType = text.html; path = networkconnectedfailed.html; sourceTree = "<group>"; };
		0A4B77AB1C3A5DB10003DBD3 /* pl3_howto.html */ = {isa = PBXFileReference; fileEncoding = 4; lastKnownFileType = text.html; path = pl3_howto.html; sourceTree = "<group>"; };
		0A4B77AC1C3A5DB10003DBD3 /* pl5_howto.html */ = {isa = PBXFileReference; fileEncoding = 4; lastKnownFileType = text.html; path = pl5_howto.html; sourceTree = "<group>"; };
		0A4B77AD1C3A5DB10003DBD3 /* qlc_howto.html */ = {isa = PBXFileReference; fileEncoding = 4; lastKnownFileType = text.html; path = qlc_howto.html; sourceTree = "<group>"; };
		0A4B77AE1C3A5DB10003DBD3 /* qxc_howto.html */ = {isa = PBXFileReference; fileEncoding = 4; lastKnownFileType = text.html; path = qxc_howto.html; sourceTree = "<group>"; };
		0A4B77AF1C3A5DB20003DBD3 /* rule.css */ = {isa = PBXFileReference; fileEncoding = 4; lastKnownFileType = text.css; path = rule.css; sourceTree = "<group>"; };
		0A4B77B01C3A5DB20003DBD3 /* sfc_howto.html */ = {isa = PBXFileReference; fileEncoding = 4; lastKnownFileType = text.html; path = sfc_howto.html; sourceTree = "<group>"; };
		0A4B77B11C3A5DB20003DBD3 /* ssc_howto.html */ = {isa = PBXFileReference; fileEncoding = 4; lastKnownFileType = text.html; path = ssc_howto.html; sourceTree = "<group>"; };
		0A4B77B21C3A5DB20003DBD3 /* ssq_howto.html */ = {isa = PBXFileReference; fileEncoding = 4; lastKnownFileType = text.html; path = ssq_howto.html; sourceTree = "<group>"; };
		0A4B77B31C3A5DB20003DBD3 /* x3d_howto.html */ = {isa = PBXFileReference; fileEncoding = 4; lastKnownFileType = text.html; path = x3d_howto.html; sourceTree = "<group>"; };
		0A4B77B41C3A5DB20003DBD3 /* y11_howto.html */ = {isa = PBXFileReference; fileEncoding = 4; lastKnownFileType = text.html; path = y11_howto.html; sourceTree = "<group>"; };
		0A4B77B51C3A5DB20003DBD3 /* znzh.html */ = {isa = PBXFileReference; fileEncoding = 4; lastKnownFileType = text.html; path = znzh.html; sourceTree = "<group>"; };
		0A4B77B71C3A5DB20003DBD3 /* help.json */ = {isa = PBXFileReference; fileEncoding = 4; lastKnownFileType = text.json; path = help.json; sourceTree = "<group>"; };
		0A4B77B81C3A5DB20003DBD3 /* more_project.json */ = {isa = PBXFileReference; fileEncoding = 4; lastKnownFileType = text.json; path = more_project.json; sourceTree = "<group>"; };
		0A4B77B91C3A5DB20003DBD3 /* products.json */ = {isa = PBXFileReference; fileEncoding = 4; lastKnownFileType = text.json; path = products.json; sourceTree = "<group>"; };
		0AD9A3591C2CE32E00EAD258 /* 彩票彩票买彩票啦.app */ = {isa = PBXFileReference; explicitFileType = wrapper.application; includeInIndex = 0; path = "彩票彩票买彩票啦.app"; sourceTree = BUILT_PRODUCTS_DIR; };
		0AD9A35D1C2CE32E00EAD258 /* main.m */ = {isa = PBXFileReference; lastKnownFileType = sourcecode.c.objc; path = main.m; sourceTree = "<group>"; };
		0AD9A35F1C2CE32E00EAD258 /* AppDelegate.h */ = {isa = PBXFileReference; lastKnownFileType = sourcecode.c.h; name = AppDelegate.h; path = ../../AppDelegate.h; sourceTree = "<group>"; };
		0AD9A3601C2CE32E00EAD258 /* AppDelegate.m */ = {isa = PBXFileReference; lastKnownFileType = sourcecode.c.objc; name = AppDelegate.m; path = ../../AppDelegate.m; sourceTree = "<group>"; };
		0AD9A3681C2CE32E00EAD258 /* Assets.xcassets */ = {isa = PBXFileReference; lastKnownFileType = folder.assetcatalog; path = Assets.xcassets; sourceTree = "<group>"; };
		0AD9A36B1C2CE32E00EAD258 /* Base */ = {isa = PBXFileReference; lastKnownFileType = file.storyboard; name = Base; path = Base.lproj/LaunchScreen.storyboard; sourceTree = "<group>"; };
		0AD9A36D1C2CE32E00EAD258 /* Info.plist */ = {isa = PBXFileReference; lastKnownFileType = text.plist.xml; path = Info.plist; sourceTree = "<group>"; };
		0AD9A3721C2CE32E00EAD258 /* 彩票彩票买彩票啦Tests.xctest */ = {isa = PBXFileReference; explicitFileType = wrapper.cfbundle; includeInIndex = 0; path = "彩票彩票买彩票啦Tests.xctest"; sourceTree = BUILT_PRODUCTS_DIR; };
		0AD9A3761C2CE32E00EAD258 /* ________Tests.m */ = {isa = PBXFileReference; lastKnownFileType = sourcecode.c.objc; path = "________Tests.m"; sourceTree = "<group>"; };
		0AD9A3781C2CE32E00EAD258 /* Info.plist */ = {isa = PBXFileReference; lastKnownFileType = text.plist.xml; path = Info.plist; sourceTree = "<group>"; };
		0AD9A37D1C2CE32E00EAD258 /* 彩票彩票买彩票啦UITests.xctest */ = {isa = PBXFileReference; explicitFileType = wrapper.cfbundle; includeInIndex = 0; path = "彩票彩票买彩票啦UITests.xctest"; sourceTree = BUILT_PRODUCTS_DIR; };
		0AD9A3811C2CE32E00EAD258 /* ________UITests.m */ = {isa = PBXFileReference; lastKnownFileType = sourcecode.c.objc; path = "________UITests.m"; sourceTree = "<group>"; };
		0AD9A3831C2CE32E00EAD258 /* Info.plist */ = {isa = PBXFileReference; lastKnownFileType = text.plist.xml; path = Info.plist; sourceTree = "<group>"; };
		0AD9A3B21C2CE64500EAD258 /* GGMainController.h */ = {isa = PBXFileReference; fileEncoding = 4; lastKnownFileType = sourcecode.c.h; path = GGMainController.h; sourceTree = "<group>"; };
		0AD9A3B31C2CE64500EAD258 /* GGMainController.m */ = {isa = PBXFileReference; fileEncoding = 4; lastKnownFileType = sourcecode.c.objc; path = GGMainController.m; sourceTree = "<group>"; };
		0AD9A3B51C2CE76100EAD258 /* GGHall.storyboard */ = {isa = PBXFileReference; fileEncoding = 4; lastKnownFileType = file.storyboard; path = GGHall.storyboard; sourceTree = "<group>"; };
		0AD9A3B71C2CE7F700EAD258 /* GGArena.storyboard */ = {isa = PBXFileReference; fileEncoding = 4; lastKnownFileType = file.storyboard; path = GGArena.storyboard; sourceTree = "<group>"; };
		0AD9A3B91C2CE87200EAD258 /* GGDiscovery.storyboard */ = {isa = PBXFileReference; fileEncoding = 4; lastKnownFileType = file.storyboard; path = GGDiscovery.storyboard; sourceTree = "<group>"; };
		0AD9A3BB1C2CE8BB00EAD258 /* GGHistory.storyboard */ = {isa = PBXFileReference; fileEncoding = 4; lastKnownFileType = file.storyboard; path = GGHistory.storyboard; sourceTree = "<group>"; };
		0AD9A3BD1C2CE91600EAD258 /* GGMyLottery.storyboard */ = {isa = PBXFileReference; fileEncoding = 4; lastKnownFileType = file.storyboard; path = GGMyLottery.storyboard; sourceTree = "<group>"; };
		0AD9A3BF1C2CED3D00EAD258 /* GGButtonTabbar.h */ = {isa = PBXFileReference; fileEncoding = 4; lastKnownFileType = sourcecode.c.h; path = GGButtonTabbar.h; sourceTree = "<group>"; };
		0AD9A3C01C2CED3D00EAD258 /* GGButtonTabbar.m */ = {isa = PBXFileReference; fileEncoding = 4; lastKnownFileType = sourcecode.c.objc; path = GGButtonTabbar.m; sourceTree = "<group>"; };
		0AD9A3C21C2D2C9700EAD258 /* GGcancleLight.h */ = {isa = PBXFileReference; fileEncoding = 4; lastKnownFileType = sourcecode.c.h; path = GGcancleLight.h; sourceTree = "<group>"; };
		0AD9A3C31C2D2C9700EAD258 /* GGcancleLight.m */ = {isa = PBXFileReference; fileEncoding = 4; lastKnownFileType = sourcecode.c.objc; path = GGcancleLight.m; sourceTree = "<group>"; };
		0AD9A3C51C2D302300EAD258 /* GGArenaController.h */ = {isa = PBXFileReference; fileEncoding = 4; lastKnownFileType = sourcecode.c.h; path = GGArenaController.h; sourceTree = "<group>"; };
		0AD9A3C61C2D302300EAD258 /* GGArenaController.m */ = {isa = PBXFileReference; fileEncoding = 4; lastKnownFileType = sourcecode.c.objc; path = GGArenaController.m; sourceTree = "<group>"; };
		0AD9A3C81C2D35D300EAD258 /* GGArenaNavigationController.h */ = {isa = PBXFileReference; fileEncoding = 4; lastKnownFileType = sourcecode.c.h; path = GGArenaNavigationController.h; sourceTree = "<group>"; };
		0AD9A3C91C2D35D300EAD258 /* GGArenaNavigationController.m */ = {isa = PBXFileReference; fileEncoding = 4; lastKnownFileType = sourcecode.c.objc; path = GGArenaNavigationController.m; sourceTree = "<group>"; };
		0AD9A3CB1C2D417E00EAD258 /* GGHallController.h */ = {isa = PBXFileReference; fileEncoding = 4; lastKnownFileType = sourcecode.c.h; path = GGHallController.h; sourceTree = "<group>"; };
		0AD9A3CC1C2D417E00EAD258 /* GGHallController.m */ = {isa = PBXFileReference; fileEncoding = 4; lastKnownFileType = sourcecode.c.objc; path = GGHallController.m; sourceTree = "<group>"; };
		0AD9A3CE1C2D5BF500EAD258 /* GGHallNavViewController.h */ = {isa = PBXFileReference; fileEncoding = 4; lastKnownFileType = sourcecode.c.h; path = GGHallNavViewController.h; sourceTree = "<group>"; };
		0AD9A3CF1C2D5BF500EAD258 /* GGHallNavViewController.m */ = {isa = PBXFileReference; fileEncoding = 4; lastKnownFileType = sourcecode.c.objc; path = GGHallNavViewController.m; sourceTree = "<group>"; };
		0AD9A3D11C2D632100EAD258 /* GGLuckyChooseController.h */ = {isa = PBXFileReference; fileEncoding = 4; lastKnownFileType = sourcecode.c.h; path = GGLuckyChooseController.h; sourceTree = "<group>"; };
		0AD9A3D21C2D632100EAD258 /* GGLuckyChooseController.m */ = {isa = PBXFileReference; fileEncoding = 4; lastKnownFileType = sourcecode.c.objc; path = GGLuckyChooseController.m; sourceTree = "<group>"; };
		0AD9A3D41C2D7CD200EAD258 /* ViewController.h */ = {isa = PBXFileReference; fileEncoding = 4; lastKnownFileType = sourcecode.c.h; name = ViewController.h; path = "../../竞技场/Controllers/ViewController.h"; sourceTree = "<group>"; };
		0AD9A3D51C2D7CD200EAD258 /* ViewController.m */ = {isa = PBXFileReference; fileEncoding = 4; lastKnownFileType = sourcecode.c.objc; name = ViewController.m; path = "../../竞技场/Controllers/ViewController.m"; sourceTree = "<group>"; };
		0AD9A3D71C2D7CEF00EAD258 /* GGTurntableView.h */ = {isa = PBXFileReference; fileEncoding = 4; lastKnownFileType = sourcecode.c.h; name = GGTurntableView.h; path = "../../竞技场/Views/GGTurntableView.h"; sourceTree = "<group>"; };
		0AD9A3D81C2D7CEF00EAD258 /* GGTurntableView.m */ = {isa = PBXFileReference; fileEncoding = 4; lastKnownFileType = sourcecode.c.objc; name = GGTurntableView.m; path = "../../竞技场/Views/GGTurntableView.m"; sourceTree = "<group>"; };
		0AD9A3D91C2D7CEF00EAD258 /* GGTurntable.xib */ = {isa = PBXFileReference; fileEncoding = 4; lastKnownFileType = file.xib; name = GGTurntable.xib; path = "../../竞技场/Views/GGTurntable.xib"; sourceTree = "<group>"; };
		0AD9A3DE1C2D7CF800EAD258 /* GGSelctionButton.h */ = {isa = PBXFileReference; fileEncoding = 4; lastKnownFileType = sourcecode.c.h; name = GGSelctionButton.h; path = "../../竞技场/Models/GGSelctionButton.h"; sourceTree = "<group>"; };
		0AD9A3DF1C2D7CF800EAD258 /* GGSelctionButton.m */ = {isa = PBXFileReference; fileEncoding = 4; lastKnownFileType = sourcecode.c.objc; name = GGSelctionButton.m; path = "../../竞技场/Models/GGSelctionButton.m"; sourceTree = "<group>"; };
		0AD9A3E11C2E2C2A00EAD258 /* GGAllLotteryController.h */ = {isa = PBXFileReference; fileEncoding = 4; lastKnownFileType = sourcecode.c.h; path = GGAllLotteryController.h; sourceTree = "<group>"; };
		0AD9A3E21C2E2C2A00EAD258 /* GGAllLotteryController.m */ = {isa = PBXFileReference; fileEncoding = 4; lastKnownFileType = sourcecode.c.objc; path = GGAllLotteryController.m; sourceTree = "<group>"; };
		0AD9A3E41C2E399700EAD258 /* GGMyLotteryController.h */ = {isa = PBXFileReference; fileEncoding = 4; lastKnownFileType = sourcecode.c.h; path = GGMyLotteryController.h; sourceTree = "<group>"; };
		0AD9A3E51C2E399700EAD258 /* GGMyLotteryController.m */ = {isa = PBXFileReference; fileEncoding = 4; lastKnownFileType = sourcecode.c.objc; path = GGMyLotteryController.m; sourceTree = "<group>"; };
		0AD9A3EA1C2E3EFB00EAD258 /* GGMianSettingController.h */ = {isa = PBXFileReference; fileEncoding = 4; lastKnownFileType = sourcecode.c.h; path = GGMianSettingController.h; sourceTree = "<group>"; };
		0AD9A3EB1C2E3EFB00EAD258 /* GGMianSettingController.m */ = {isa = PBXFileReference; fileEncoding = 4; lastKnownFileType = sourcecode.c.objc; path = GGMianSettingController.m; sourceTree = "<group>"; };
		0AD9A3ED1C2E417900EAD258 /* GGNormalQuestionController.h */ = {isa = PBXFileReference; fileEncoding = 4; lastKnownFileType = sourcecode.c.h; path = GGNormalQuestionController.h; sourceTree = "<group>"; };
		0AD9A3EE1C2E417900EAD258 /* GGNormalQuestionController.m */ = {isa = PBXFileReference; fileEncoding = 4; lastKnownFileType = sourcecode.c.objc; path = GGNormalQuestionController.m; sourceTree = "<group>"; };
		0AD9A3F01C2E71FC00EAD258 /* HMSettingsIndex.plist */ = {isa = PBXFileReference; fileEncoding = 4; lastKnownFileType = text.plist.xml; path = HMSettingsIndex.plist; sourceTree = "<group>"; };
		0AD9A3F31C2E768D00EAD258 /* GGMainSettingTableViewCell.h */ = {isa = PBXFileReference; fileEncoding = 4; lastKnownFileType = sourcecode.c.h; path = GGMainSettingTableViewCell.h; sourceTree = "<group>"; };
		0AD9A3F41C2E768D00EAD258 /* GGMainSettingTableViewCell.m */ = {isa = PBXFileReference; fileEncoding = 4; lastKnownFileType = sourcecode.c.objc; path = GGMainSettingTableViewCell.m; sourceTree = "<group>"; };
		0AD9A3F61C2E82DE00EAD258 /* GGUserConvertController.h */ = {isa = PBXFileReference; fileEncoding = 4; lastKnownFileType = sourcecode.c.h; path = GGUserConvertController.h; sourceTree = "<group>"; };
		0AD9A3F71C2E82DE00EAD258 /* GGUserConvertController.m */ = {isa = PBXFileReference; fileEncoding = 4; lastKnownFileType = sourcecode.c.objc; path = GGUserConvertController.m; sourceTree = "<group>"; };
		0AD9A3F91C2E894400EAD258 /* HMSettingsPushRemind.plist */ = {isa = PBXFileReference; fileEncoding = 4; lastKnownFileType = text.plist.xml; path = HMSettingsPushRemind.plist; sourceTree = "<group>"; };
		0AD9A3FB1C2E8A3400EAD258 /* HMSettingsPush03.plist */ = {isa = PBXFileReference; fileEncoding = 4; lastKnownFileType = text.plist.xml; path = HMSettingsPush03.plist; sourceTree = "<group>"; };
		0AD9A3FC1C2E8A3400EAD258 /* HMSettingsPush04.plist */ = {isa = PBXFileReference; fileEncoding = 4; lastKnownFileType = text.plist.xml; path = HMSettingsPush04.plist; sourceTree = "<group>"; };
		0AD9A3FD1C2E8A3400EAD258 /* HMSettingsPush01.plist */ = {isa = PBXFileReference; fileEncoding = 4; lastKnownFileType = text.plist.xml; path = HMSettingsPush01.plist; sourceTree = "<group>"; };
		0AD9A3FE1C2E8A3400EAD258 /* HMSettingsPush02.plist */ = {isa = PBXFileReference; fileEncoding = 4; lastKnownFileType = text.plist.xml; path = HMSettingsPush02.plist; sourceTree = "<group>"; };
		0AD9A3FF1C2E8A3400EAD258 /* HMSettingsAbout.plist */ = {isa = PBXFileReference; fileEncoding = 4; lastKnownFileType = text.plist.xml; path = HMSettingsAbout.plist; sourceTree = "<group>"; };
		0AD9A4081C2EADB900EAD258 /* GGAboutController.h */ = {isa = PBXFileReference; fileEncoding = 4; lastKnownFileType = sourcecode.c.h; path = GGAboutController.h; sourceTree = "<group>"; };
		0AD9A4091C2EADB900EAD258 /* GGAboutController.m */ = {isa = PBXFileReference; fileEncoding = 4; lastKnownFileType = sourcecode.c.objc; path = GGAboutController.m; sourceTree = "<group>"; };
		0AD9A40B1C2EB02500EAD258 /* GGAboutHeadView.h */ = {isa = PBXFileReference; fileEncoding = 4; lastKnownFileType = sourcecode.c.h; path = GGAboutHeadView.h; sourceTree = "<group>"; };
		0AD9A40C1C2EB02500EAD258 /* GGAboutHeadView.m */ = {isa = PBXFileReference; fileEncoding = 4; lastKnownFileType = sourcecode.c.objc; path = GGAboutHeadView.m; sourceTree = "<group>"; };
		0AD9A40E1C2EB03B00EAD258 /* GGAboutHeadView.xib */ = {isa = PBXFileReference; fileEncoding = 4; lastKnownFileType = file.xib; path = GGAboutHeadView.xib; sourceTree = "<group>"; };
		0AD9A4101C2EB49900EAD258 /* GGProductShareController.h */ = {isa = PBXFileReference; fileEncoding = 4; lastKnownFileType = sourcecode.c.h; path = GGProductShareController.h; sourceTree = "<group>"; };
		0AD9A4111C2EB49900EAD258 /* GGProductShareController.m */ = {isa = PBXFileReference; fileEncoding = 4; lastKnownFileType = sourcecode.c.objc; path = GGProductShareController.m; sourceTree = "<group>"; };
		0AD9A4161C2FCBEE00EAD258 /* GGLiveSourceTableViewCell.h */ = {isa = PBXFileReference; fileEncoding = 4; lastKnownFileType = sourcecode.c.h; path = GGLiveSourceTableViewCell.h; sourceTree = "<group>"; };
		0AD9A4171C2FCBEE00EAD258 /* GGLiveSourceTableViewCell.m */ = {isa = PBXFileReference; fileEncoding = 4; lastKnownFileType = sourcecode.c.objc; path = GGLiveSourceTableViewCell.m; sourceTree = "<group>"; };
		0AD9A4191C2FD79800EAD258 /* GGLiveScorePushController.h */ = {isa = PBXFileReference; fileEncoding = 4; lastKnownFileType = sourcecode.c.h; path = GGLiveScorePushController.h; sourceTree = "<group>"; };
		0AD9A41A1C2FD79800EAD258 /* GGLiveScorePushController.m */ = {isa = PBXFileReference; fileEncoding = 4; lastKnownFileType = sourcecode.c.objc; path = GGLiveScorePushController.m; sourceTree = "<group>"; };
		0AD9A41C1C311AD000EAD258 /* GGLaunchController.h */ = {isa = PBXFileReference; fileEncoding = 4; lastKnownFileType = sourcecode.c.h; name = GGLaunchController.h; path = "../../我的彩票/Controllers/GGLaunchController.h"; sourceTree = "<group>"; };
		0AD9A41D1C311AD000EAD258 /* GGLaunchController.m */ = {isa = PBXFileReference; fileEncoding = 4; lastKnownFileType = sourcecode.c.objc; name = GGLaunchController.m; path = "../../我的彩票/Controllers/GGLaunchController.m"; sourceTree = "<group>"; };
		0AD9A41F1C3120B700EAD258 /* GGProductModel.h */ = {isa = PBXFileReference; fileEncoding = 4; lastKnownFileType = sourcecode.c.h; path = GGProductModel.h; sourceTree = "<group>"; };
		0AD9A4201C3120B700EAD258 /* GGProductModel.m */ = {isa = PBXFileReference; fileEncoding = 4; lastKnownFileType = sourcecode.c.objc; path = GGProductModel.m; sourceTree = "<group>"; };
		0AD9A4621C31256D00EAD258 /* GGProductCell.h */ = {isa = PBXFileReference; fileEncoding = 4; lastKnownFileType = sourcecode.c.h; path = GGProductCell.h; sourceTree = "<group>"; };
		0AD9A4631C31256D00EAD258 /* GGProductCell.m */ = {isa = PBXFileReference; fileEncoding = 4; lastKnownFileType = sourcecode.c.objc; path = GGProductCell.m; sourceTree = "<group>"; };
		0AD9A4641C31256D00EAD258 /* GGProductCell.xib */ = {isa = PBXFileReference; fileEncoding = 4; lastKnownFileType = file.xib; path = GGProductCell.xib; sourceTree = "<group>"; };
		0AD9A4671C314BA100EAD258 /* GGQuestionModel.h */ = {isa = PBXFileReference; fileEncoding = 4; lastKnownFileType = sourcecode.c.h; path = GGQuestionModel.h; sourceTree = "<group>"; };
		0AD9A4681C314BA100EAD258 /* GGQuestionModel.m */ = {isa = PBXFileReference; fileEncoding = 4; lastKnownFileType = sourcecode.c.objc; path = GGQuestionModel.m; sourceTree = "<group>"; };
		0AD9A46A1C314EAC00EAD258 /* GGQuestionCell.h */ = {isa = PBXFileReference; fileEncoding = 4; lastKnownFileType = sourcecode.c.h; path = GGQuestionCell.h; sourceTree = "<group>"; };
		0AD9A46B1C314EAC00EAD258 /* GGQuestionCell.m */ = {isa = PBXFileReference; fileEncoding = 4; lastKnownFileType = sourcecode.c.objc; path = GGQuestionCell.m; sourceTree = "<group>"; };
		0AD9A46D1C3151EA00EAD258 /* GGWebController.h */ = {isa = PBXFileReference; fileEncoding = 4; lastKnownFileType = sourcecode.c.h; path = GGWebController.h; sourceTree = "<group>"; };
		0AD9A46E1C3151EA00EAD258 /* GGWebController.m */ = {isa = PBXFileReference; fileEncoding = 4; lastKnownFileType = sourcecode.c.objc; path = GGWebController.m; sourceTree = "<group>"; };
		0AD9A4761C31866400EAD258 /* GGWebViewController.h */ = {isa = PBXFileReference; fileEncoding = 4; lastKnownFileType = sourcecode.c.h; path = GGWebViewController.h; sourceTree = "<group>"; };
		0AD9A4771C31866400EAD258 /* GGWebViewController.m */ = {isa = PBXFileReference; fileEncoding = 4; lastKnownFileType = sourcecode.c.objc; path = GGWebViewController.m; sourceTree = "<group>"; };
		0AD9A4791C3194A500EAD258 /* GGCollectionCell.h */ = {isa = PBXFileReference; fileEncoding = 4; lastKnownFileType = sourcecode.c.h; path = GGCollectionCell.h; sourceTree = "<group>"; };
		0AD9A47A1C3194A500EAD258 /* GGCollectionCell.m */ = {isa = PBXFileReference; fileEncoding = 4; lastKnownFileType = sourcecode.c.objc; path = GGCollectionCell.m; sourceTree = "<group>"; };
/* End PBXFileReference section */

/* Begin PBXFrameworksBuildPhase section */
		0AD9A3561C2CE32E00EAD258 /* Frameworks */ = {
			isa = PBXFrameworksBuildPhase;
			buildActionMask = 2147483647;
			files = (
			);
			runOnlyForDeploymentPostprocessing = 0;
		};
		0AD9A36F1C2CE32E00EAD258 /* Frameworks */ = {
			isa = PBXFrameworksBuildPhase;
			buildActionMask = 2147483647;
			files = (
			);
			runOnlyForDeploymentPostprocessing = 0;
		};
		0AD9A37A1C2CE32E00EAD258 /* Frameworks */ = {
			isa = PBXFrameworksBuildPhase;
			buildActionMask = 2147483647;
			files = (
			);
			runOnlyForDeploymentPostprocessing = 0;
		};
/* End PBXFrameworksBuildPhase section */

/* Begin PBXGroup section */
		0A4B77981C3A5DB10003DBD3 /* Html */ = {
			isa = PBXGroup;
			children = (
				0A4B77991C3A5DB10003DBD3 /* bjdc_howto.html */,
				0A4B779A1C3A5DB10003DBD3 /* coupon_help.html */,
				0A4B779B1C3A5DB10003DBD3 /* credit_help.html */,
				0A4B779C1C3A5DB10003DBD3 /* dlt_howto.html */,
				0A4B779D1C3A5DB10003DBD3 /* f9_howto.html */,
				0A4B779E1C3A5DB10003DBD3 /* gdy11_howto.html */,
				0A4B779F1C3A5DB10003DBD3 /* group_record.html */,
				0A4B77A01C3A5DB10003DBD3 /* help.html */,
				0A4B77A11C3A5DB10003DBD3 /* helpGroupBuy.html */,
				0A4B77A21C3A5DB10003DBD3 /* jclq_howto.html */,
				0A4B77A31C3A5DB10003DBD3 /* jczq_howto.html */,
				0A4B77A41C3A5DB10003DBD3 /* jxssc_howto.html */,
				0A4B77A51C3A5DB10003DBD3 /* jxy11_howto.html */,
				0A4B77A61C3A5DB10003DBD3 /* k2_howto.html */,
				0A4B77A71C3A5DB10003DBD3 /* k3_howto.html */,
				0A4B77A81C3A5DB10003DBD3 /* kl8_howto.html */,
				0A4B77A91C3A5DB10003DBD3 /* lk11_howto.html */,
				0A4B77AA1C3A5DB10003DBD3 /* networkconnectedfailed.html */,
				0A4B77AB1C3A5DB10003DBD3 /* pl3_howto.html */,
				0A4B77AC1C3A5DB10003DBD3 /* pl5_howto.html */,
				0A4B77AD1C3A5DB10003DBD3 /* qlc_howto.html */,
				0A4B77AE1C3A5DB10003DBD3 /* qxc_howto.html */,
				0A4B77AF1C3A5DB20003DBD3 /* rule.css */,
				0A4B77B01C3A5DB20003DBD3 /* sfc_howto.html */,
				0A4B77B11C3A5DB20003DBD3 /* ssc_howto.html */,
				0A4B77B21C3A5DB20003DBD3 /* ssq_howto.html */,
				0A4B77B31C3A5DB20003DBD3 /* x3d_howto.html */,
				0A4B77B41C3A5DB20003DBD3 /* y11_howto.html */,
				0A4B77B51C3A5DB20003DBD3 /* znzh.html */,
			);
			path = Html;
			sourceTree = "<group>";
		};
		0A4B77B61C3A5DB20003DBD3 /* json */ = {
			isa = PBXGroup;
			children = (
				0A4B77B71C3A5DB20003DBD3 /* help.json */,
				0A4B77B81C3A5DB20003DBD3 /* more_project.json */,
				0A4B77B91C3A5DB20003DBD3 /* products.json */,
			);
			path = json;
			sourceTree = "<group>";
		};
		0AD9A3501C2CE32E00EAD258 = {
			isa = PBXGroup;
			children = (
				0AD9A35B1C2CE32E00EAD258 /* 彩票彩票买彩票啦 */,
				0AD9A3751C2CE32E00EAD258 /* 彩票彩票买彩票啦Tests */,
				0AD9A3801C2CE32E00EAD258 /* 彩票彩票买彩票啦UITests */,
				0AD9A35A1C2CE32E00EAD258 /* Products */,
			);
			sourceTree = "<group>";
		};
		0AD9A35A1C2CE32E00EAD258 /* Products */ = {
			isa = PBXGroup;
			children = (
				0AD9A3591C2CE32E00EAD258 /* 彩票彩票买彩票啦.app */,
				0AD9A3721C2CE32E00EAD258 /* 彩票彩票买彩票啦Tests.xctest */,
				0AD9A37D1C2CE32E00EAD258 /* 彩票彩票买彩票啦UITests.xctest */,
			);
			name = Products;
			sourceTree = "<group>";
		};
		0AD9A35B1C2CE32E00EAD258 /* 彩票彩票买彩票啦 */ = {
			isa = PBXGroup;
			children = (
				0AD9A3941C2CE5ED00EAD258 /* 购彩大厅 */,
				0AD9A3991C2CE5ED00EAD258 /* 竞技场 */,
				0AD9A38F1C2CE5ED00EAD258 /* 发现 */,
				0AD9A39E1C2CE5ED00EAD258 /* 开奖信息 */,
				0AD9A3A31C2CE5ED00EAD258 /* 我的彩票 */,
				0AD9A3A81C2CE5ED00EAD258 /* Guide （新特性） */,
				0AD9A3AD1C2CE5ED00EAD258 /* main（主框架） */,
				0AD9A35C1C2CE32E00EAD258 /* Supporting Files */,
			);
			path = "彩票彩票买彩票啦";
			sourceTree = "<group>";
		};
		0AD9A35C1C2CE32E00EAD258 /* Supporting Files */ = {
			isa = PBXGroup;
			children = (
				0A4B77981C3A5DB10003DBD3 /* Html */,
				0A4B77B61C3A5DB20003DBD3 /* json */,
				0AD9A3681C2CE32E00EAD258 /* Assets.xcassets */,
				0AD9A3F01C2E71FC00EAD258 /* HMSettingsIndex.plist */,
				0AD9A36D1C2CE32E00EAD258 /* Info.plist */,
				0AD9A3F91C2E894400EAD258 /* HMSettingsPushRemind.plist */,
				0AD9A3FB1C2E8A3400EAD258 /* HMSettingsPush03.plist */,
				0AD9A3FC1C2E8A3400EAD258 /* HMSettingsPush04.plist */,
				0AD9A3FD1C2E8A3400EAD258 /* HMSettingsPush01.plist */,
				0AD9A3FE1C2E8A3400EAD258 /* HMSettingsPush02.plist */,
				0AD9A3FF1C2E8A3400EAD258 /* HMSettingsAbout.plist */,
				0AD9A35D1C2CE32E00EAD258 /* main.m */,
			);
			name = "Supporting Files";
			sourceTree = "<group>";
		};
		0AD9A3751C2CE32E00EAD258 /* 彩票彩票买彩票啦Tests */ = {
			isa = PBXGroup;
			children = (
				0AD9A3761C2CE32E00EAD258 /* ________Tests.m */,
				0AD9A3781C2CE32E00EAD258 /* Info.plist */,
			);
			path = "彩票彩票买彩票啦Tests";
			sourceTree = "<group>";
		};
		0AD9A3801C2CE32E00EAD258 /* 彩票彩票买彩票啦UITests */ = {
			isa = PBXGroup;
			children = (
				0AD9A3811C2CE32E00EAD258 /* ________UITests.m */,
				0AD9A3831C2CE32E00EAD258 /* Info.plist */,
			);
			path = "彩票彩票买彩票啦UITests";
			sourceTree = "<group>";
		};
		0AD9A38F1C2CE5ED00EAD258 /* 发现 */ = {
			isa = PBXGroup;
			children = (
				0AD9A3901C2CE5ED00EAD258 /* Controllers */,
				0AD9A3911C2CE5ED00EAD258 /* Models */,
				0AD9A3921C2CE5ED00EAD258 /* Others */,
				0AD9A3931C2CE5ED00EAD258 /* Views */,
			);
			path = "发现";
			sourceTree = "<group>";
		};
		0AD9A3901C2CE5ED00EAD258 /* Controllers */ = {
			isa = PBXGroup;
			children = (
				0AD9A3D11C2D632100EAD258 /* GGLuckyChooseController.h */,
				0AD9A3D21C2D632100EAD258 /* GGLuckyChooseController.m */,
				0AD9A3E11C2E2C2A00EAD258 /* GGAllLotteryController.h */,
				0AD9A3E21C2E2C2A00EAD258 /* GGAllLotteryController.m */,
				0AD9A3D41C2D7CD200EAD258 /* ViewController.h */,
				0AD9A3D51C2D7CD200EAD258 /* ViewController.m */,
			);
			path = Controllers;
			sourceTree = "<group>";
		};
		0AD9A3911C2CE5ED00EAD258 /* Models */ = {
			isa = PBXGroup;
			children = (
				0AD9A3DE1C2D7CF800EAD258 /* GGSelctionButton.h */,
				0AD9A3DF1C2D7CF800EAD258 /* GGSelctionButton.m */,
			);
			path = Models;
			sourceTree = "<group>";
		};
		0AD9A3921C2CE5ED00EAD258 /* Others */ = {
			isa = PBXGroup;
			children = (
			);
			path = Others;
			sourceTree = "<group>";
		};
		0AD9A3931C2CE5ED00EAD258 /* Views */ = {
			isa = PBXGroup;
			children = (
				0AD9A3D71C2D7CEF00EAD258 /* GGTurntableView.h */,
				0AD9A3D81C2D7CEF00EAD258 /* GGTurntableView.m */,
				0AD9A3D91C2D7CEF00EAD258 /* GGTurntable.xib */,
				0AD9A3B91C2CE87200EAD258 /* GGDiscovery.storyboard */,
			);
			path = Views;
			sourceTree = "<group>";
		};
		0AD9A3941C2CE5ED00EAD258 /* 购彩大厅 */ = {
			isa = PBXGroup;
			children = (
				0AD9A3951C2CE5ED00EAD258 /* Controllers */,
				0AD9A3961C2CE5ED00EAD258 /* Models */,
				0AD9A3971C2CE5ED00EAD258 /* Others */,
				0AD9A3981C2CE5ED00EAD258 /* Views */,
			);
			path = "购彩大厅";
			sourceTree = "<group>";
		};
		0AD9A3951C2CE5ED00EAD258 /* Controllers */ = {
			isa = PBXGroup;
			children = (
				0AD9A3CB1C2D417E00EAD258 /* GGHallController.h */,
				0AD9A3CC1C2D417E00EAD258 /* GGHallController.m */,
				0AD9A3CE1C2D5BF500EAD258 /* GGHallNavViewController.h */,
				0AD9A3CF1C2D5BF500EAD258 /* GGHallNavViewController.m */,
			);
			path = Controllers;
			sourceTree = "<group>";
		};
		0AD9A3961C2CE5ED00EAD258 /* Models */ = {
			isa = PBXGroup;
			children = (
			);
			path = Models;
			sourceTree = "<group>";
		};
		0AD9A3971C2CE5ED00EAD258 /* Others */ = {
			isa = PBXGroup;
			children = (
			);
			path = Others;
			sourceTree = "<group>";
		};
		0AD9A3981C2CE5ED00EAD258 /* Views */ = {
			isa = PBXGroup;
			children = (
				0AD9A3B51C2CE76100EAD258 /* GGHall.storyboard */,
			);
			path = Views;
			sourceTree = "<group>";
		};
		0AD9A3991C2CE5ED00EAD258 /* 竞技场 */ = {
			isa = PBXGroup;
			children = (
				0AD9A39A1C2CE5ED00EAD258 /* Controllers */,
				0AD9A39B1C2CE5ED00EAD258 /* Models */,
				0AD9A39C1C2CE5ED00EAD258 /* Others */,
				0AD9A39D1C2CE5ED00EAD258 /* Views */,
			);
			path = "竞技场";
			sourceTree = "<group>";
		};
		0AD9A39A1C2CE5ED00EAD258 /* Controllers */ = {
			isa = PBXGroup;
			children = (
				0AD9A3C51C2D302300EAD258 /* GGArenaController.h */,
				0AD9A3C61C2D302300EAD258 /* GGArenaController.m */,
				0AD9A3C81C2D35D300EAD258 /* GGArenaNavigationController.h */,
				0AD9A3C91C2D35D300EAD258 /* GGArenaNavigationController.m */,
			);
			path = Controllers;
			sourceTree = "<group>";
		};
		0AD9A39B1C2CE5ED00EAD258 /* Models */ = {
			isa = PBXGroup;
			children = (
			);
			path = Models;
			sourceTree = "<group>";
		};
		0AD9A39C1C2CE5ED00EAD258 /* Others */ = {
			isa = PBXGroup;
			children = (
			);
			path = Others;
			sourceTree = "<group>";
		};
		0AD9A39D1C2CE5ED00EAD258 /* Views */ = {
			isa = PBXGroup;
			children = (
				0AD9A3B71C2CE7F700EAD258 /* GGArena.storyboard */,
			);
			path = Views;
			sourceTree = "<group>";
		};
		0AD9A39E1C2CE5ED00EAD258 /* 开奖信息 */ = {
			isa = PBXGroup;
			children = (
				0AD9A39F1C2CE5ED00EAD258 /* Controllers */,
				0AD9A3A01C2CE5ED00EAD258 /* Models */,
				0AD9A3A11C2CE5ED00EAD258 /* Others */,
				0AD9A3A21C2CE5ED00EAD258 /* Views */,
			);
			path = "开奖信息";
			sourceTree = "<group>";
		};
		0AD9A39F1C2CE5ED00EAD258 /* Controllers */ = {
			isa = PBXGroup;
			children = (
			);
			path = Controllers;
			sourceTree = "<group>";
		};
		0AD9A3A01C2CE5ED00EAD258 /* Models */ = {
			isa = PBXGroup;
			children = (
			);
			path = Models;
			sourceTree = "<group>";
		};
		0AD9A3A11C2CE5ED00EAD258 /* Others */ = {
			isa = PBXGroup;
			children = (
			);
			path = Others;
			sourceTree = "<group>";
		};
		0AD9A3A21C2CE5ED00EAD258 /* Views */ = {
			isa = PBXGroup;
			children = (
				0AD9A3BB1C2CE8BB00EAD258 /* GGHistory.storyboard */,
			);
			path = Views;
			sourceTree = "<group>";
		};
		0AD9A3A31C2CE5ED00EAD258 /* 我的彩票 */ = {
			isa = PBXGroup;
			children = (
				0AD9A3A41C2CE5ED00EAD258 /* Controllers */,
				0AD9A3A51C2CE5ED00EAD258 /* Models */,
				0AD9A3A61C2CE5ED00EAD258 /* Others */,
				0AD9A3A71C2CE5ED00EAD258 /* Views */,
			);
			path = "我的彩票";
			sourceTree = "<group>";
		};
		0AD9A3A41C2CE5ED00EAD258 /* Controllers */ = {
			isa = PBXGroup;
			children = (
				0AD9A3F21C2E72B300EAD258 /* setting */,
				0AD9A3E41C2E399700EAD258 /* GGMyLotteryController.h */,
				0AD9A3E51C2E399700EAD258 /* GGMyLotteryController.m */,
				0AD9A3ED1C2E417900EAD258 /* GGNormalQuestionController.h */,
				0AD9A3EE1C2E417900EAD258 /* GGNormalQuestionController.m */,
				0AD9A4761C31866400EAD258 /* GGWebViewController.h */,
				0AD9A4771C31866400EAD258 /* GGWebViewController.m */,
				0AD9A46D1C3151EA00EAD258 /* GGWebController.h */,
				0AD9A46E1C3151EA00EAD258 /* GGWebController.m */,
			);
			path = Controllers;
			sourceTree = "<group>";
		};
		0AD9A3A51C2CE5ED00EAD258 /* Models */ = {
			isa = PBXGroup;
			children = (
				0AD9A41F1C3120B700EAD258 /* GGProductModel.h */,
				0AD9A4201C3120B700EAD258 /* GGProductModel.m */,
				0AD9A4671C314BA100EAD258 /* GGQuestionModel.h */,
				0AD9A4681C314BA100EAD258 /* GGQuestionModel.m */,
			);
			path = Models;
			sourceTree = "<group>";
		};
		0AD9A3A61C2CE5ED00EAD258 /* Others */ = {
			isa = PBXGroup;
			children = (
			);
			path = Others;
			sourceTree = "<group>";
		};
		0AD9A3A71C2CE5ED00EAD258 /* Views */ = {
			isa = PBXGroup;
			children = (
				0AD9A3BD1C2CE91600EAD258 /* GGMyLottery.storyboard */,
				0AD9A3F31C2E768D00EAD258 /* GGMainSettingTableViewCell.h */,
				0AD9A3F41C2E768D00EAD258 /* GGMainSettingTableViewCell.m */,
				0AD9A4161C2FCBEE00EAD258 /* GGLiveSourceTableViewCell.h */,
				0AD9A4171C2FCBEE00EAD258 /* GGLiveSourceTableViewCell.m */,
				0AD9A40B1C2EB02500EAD258 /* GGAboutHeadView.h */,
				0AD9A40C1C2EB02500EAD258 /* GGAboutHeadView.m */,
				0AD9A40E1C2EB03B00EAD258 /* GGAboutHeadView.xib */,
				0AD9A4621C31256D00EAD258 /* GGProductCell.h */,
				0AD9A4631C31256D00EAD258 /* GGProductCell.m */,
				0AD9A4641C31256D00EAD258 /* GGProductCell.xib */,
				0AD9A46A1C314EAC00EAD258 /* GGQuestionCell.h */,
				0AD9A46B1C314EAC00EAD258 /* GGQuestionCell.m */,
			);
			path = Views;
			sourceTree = "<group>";
		};
		0AD9A3A81C2CE5ED00EAD258 /* Guide （新特性） */ = {
			isa = PBXGroup;
			children = (
				0AD9A3A91C2CE5ED00EAD258 /* Controllers */,
				0AD9A3AA1C2CE5ED00EAD258 /* Models */,
				0AD9A3AB1C2CE5ED00EAD258 /* Others */,
				0AD9A3AC1C2CE5ED00EAD258 /* Views */,
			);
			path = "Guide （新特性）";
			sourceTree = "<group>";
		};
		0AD9A3A91C2CE5ED00EAD258 /* Controllers */ = {
			isa = PBXGroup;
			children = (
				0AD9A41C1C311AD000EAD258 /* GGLaunchController.h */,
				0AD9A41D1C311AD000EAD258 /* GGLaunchController.m */,
			);
			path = Controllers;
			sourceTree = "<group>";
		};
		0AD9A3AA1C2CE5ED00EAD258 /* Models */ = {
			isa = PBXGroup;
			children = (
			);
			path = Models;
			sourceTree = "<group>";
		};
		0AD9A3AB1C2CE5ED00EAD258 /* Others */ = {
			isa = PBXGroup;
			children = (
			);
			path = Others;
			sourceTree = "<group>";
		};
		0AD9A3AC1C2CE5ED00EAD258 /* Views */ = {
			isa = PBXGroup;
			children = (
				0AD9A4791C3194A500EAD258 /* GGCollectionCell.h */,
				0AD9A47A1C3194A500EAD258 /* GGCollectionCell.m */,
			);
			path = Views;
			sourceTree = "<group>";
		};
		0AD9A3AD1C2CE5ED00EAD258 /* main（主框架） */ = {
			isa = PBXGroup;
			children = (
				0AD9A3AE1C2CE5ED00EAD258 /* Controllers */,
				0AD9A3AF1C2CE5ED00EAD258 /* Models */,
				0AD9A3B01C2CE5ED00EAD258 /* Others */,
				0AD9A3B11C2CE5ED00EAD258 /* Views */,
			);
			path = "main（主框架）";
			sourceTree = "<group>";
		};
		0AD9A3AE1C2CE5ED00EAD258 /* Controllers */ = {
			isa = PBXGroup;
			children = (
				0AD9A3B21C2CE64500EAD258 /* GGMainController.h */,
				0AD9A3B31C2CE64500EAD258 /* GGMainController.m */,
			);
			path = Controllers;
			sourceTree = "<group>";
		};
		0AD9A3AF1C2CE5ED00EAD258 /* Models */ = {
			isa = PBXGroup;
			children = (
			);
			path = Models;
			sourceTree = "<group>";
		};
		0AD9A3B01C2CE5ED00EAD258 /* Others */ = {
			isa = PBXGroup;
			children = (
				0AD9A35F1C2CE32E00EAD258 /* AppDelegate.h */,
				0AD9A3601C2CE32E00EAD258 /* AppDelegate.m */,
			);
			path = Others;
			sourceTree = "<group>";
		};
		0AD9A3B11C2CE5ED00EAD258 /* Views */ = {
			isa = PBXGroup;
			children = (
				0AD9A36A1C2CE32E00EAD258 /* LaunchScreen.storyboard */,
				0AD9A3BF1C2CED3D00EAD258 /* GGButtonTabbar.h */,
				0AD9A3C01C2CED3D00EAD258 /* GGButtonTabbar.m */,
				0AD9A3C21C2D2C9700EAD258 /* GGcancleLight.h */,
				0AD9A3C31C2D2C9700EAD258 /* GGcancleLight.m */,
			);
			path = Views;
			sourceTree = "<group>";
		};
		0AD9A3F21C2E72B300EAD258 /* setting */ = {
			isa = PBXGroup;
			children = (
				0AD9A3EA1C2E3EFB00EAD258 /* GGMianSettingController.h */,
				0AD9A3EB1C2E3EFB00EAD258 /* GGMianSettingController.m */,
				0AD9A3F61C2E82DE00EAD258 /* GGUserConvertController.h */,
				0AD9A3F71C2E82DE00EAD258 /* GGUserConvertController.m */,
				0AD9A4081C2EADB900EAD258 /* GGAboutController.h */,
				0AD9A4091C2EADB900EAD258 /* GGAboutController.m */,
				0AD9A4101C2EB49900EAD258 /* GGProductShareController.h */,
				0AD9A4111C2EB49900EAD258 /* GGProductShareController.m */,
				0AD9A4191C2FD79800EAD258 /* GGLiveScorePushController.h */,
				0AD9A41A1C2FD79800EAD258 /* GGLiveScorePushController.m */,
			);
			name = setting;
			sourceTree = "<group>";
		};
/* End PBXGroup section */

/* Begin PBXNativeTarget section */
		0AD9A3581C2CE32E00EAD258 /* 彩票彩票买彩票啦 */ = {
			isa = PBXNativeTarget;
			buildConfigurationList = 0AD9A3861C2CE32E00EAD258 /* Build configuration list for PBXNativeTarget "彩票彩票买彩票啦" */;
			buildPhases = (
				0AD9A3551C2CE32E00EAD258 /* Sources */,
				0AD9A3561C2CE32E00EAD258 /* Frameworks */,
				0AD9A3571C2CE32E00EAD258 /* Resources */,
			);
			buildRules = (
			);
			dependencies = (
			);
			name = "彩票彩票买彩票啦";
			productName = "彩票彩票买彩票啦";
			productReference = 0AD9A3591C2CE32E00EAD258 /* 彩票彩票买彩票啦.app */;
			productType = "com.apple.product-type.application";
		};
		0AD9A3711C2CE32E00EAD258 /* 彩票彩票买彩票啦Tests */ = {
			isa = PBXNativeTarget;
			buildConfigurationList = 0AD9A3891C2CE32E00EAD258 /* Build configuration list for PBXNativeTarget "彩票彩票买彩票啦Tests" */;
			buildPhases = (
				0AD9A36E1C2CE32E00EAD258 /* Sources */,
				0AD9A36F1C2CE32E00EAD258 /* Frameworks */,
				0AD9A3701C2CE32E00EAD258 /* Resources */,
			);
			buildRules = (
			);
			dependencies = (
				0AD9A3741C2CE32E00EAD258 /* PBXTargetDependency */,
			);
			name = "彩票彩票买彩票啦Tests";
			productName = "彩票彩票买彩票啦Tests";
			productReference = 0AD9A3721C2CE32E00EAD258 /* 彩票彩票买彩票啦Tests.xctest */;
			productType = "com.apple.product-type.bundle.unit-test";
		};
		0AD9A37C1C2CE32E00EAD258 /* 彩票彩票买彩票啦UITests */ = {
			isa = PBXNativeTarget;
			buildConfigurationList = 0AD9A38C1C2CE32E00EAD258 /* Build configuration list for PBXNativeTarget "彩票彩票买彩票啦UITests" */;
			buildPhases = (
				0AD9A3791C2CE32E00EAD258 /* Sources */,
				0AD9A37A1C2CE32E00EAD258 /* Frameworks */,
				0AD9A37B1C2CE32E00EAD258 /* Resources */,
			);
			buildRules = (
			);
			dependencies = (
				0AD9A37F1C2CE32E00EAD258 /* PBXTargetDependency */,
			);
			name = "彩票彩票买彩票啦UITests";
			productName = "彩票彩票买彩票啦UITests";
			productReference = 0AD9A37D1C2CE32E00EAD258 /* 彩票彩票买彩票啦UITests.xctest */;
			productType = "com.apple.product-type.bundle.ui-testing";
		};
/* End PBXNativeTarget section */

/* Begin PBXProject section */
		0AD9A3511C2CE32E00EAD258 /* Project object */ = {
			isa = PBXProject;
			attributes = {
				CLASSPREFIX = GG;
				LastUpgradeCheck = 0720;
				ORGANIZATIONNAME = "李";
				TargetAttributes = {
					0AD9A3581C2CE32E00EAD258 = {
						CreatedOnToolsVersion = 7.2;
						DevelopmentTeam = 5P5WMVU3BD;
					};
					0AD9A3711C2CE32E00EAD258 = {
						CreatedOnToolsVersion = 7.2;
						DevelopmentTeam = 5P5WMVU3BD;
						TestTargetID = 0AD9A3581C2CE32E00EAD258;
					};
					0AD9A37C1C2CE32E00EAD258 = {
						CreatedOnToolsVersion = 7.2;
						DevelopmentTeam = 5P5WMVU3BD;
						TestTargetID = 0AD9A3581C2CE32E00EAD258;
					};
				};
			};
			buildConfigurationList = 0AD9A3541C2CE32E00EAD258 /* Build configuration list for PBXProject "彩票彩票买彩票啦" */;
			compatibilityVersion = "Xcode 3.2";
			developmentRegion = English;
			hasScannedForEncodings = 0;
			knownRegions = (
				en,
				Base,
			);
			mainGroup = 0AD9A3501C2CE32E00EAD258;
			productRefGroup = 0AD9A35A1C2CE32E00EAD258 /* Products */;
			projectDirPath = "";
			projectRoot = "";
			targets = (
				0AD9A3581C2CE32E00EAD258 /* 彩票彩票买彩票啦 */,
				0AD9A3711C2CE32E00EAD258 /* 彩票彩票买彩票啦Tests */,
				0AD9A37C1C2CE32E00EAD258 /* 彩票彩票买彩票啦UITests */,
			);
		};
/* End PBXProject section */

/* Begin PBXResourcesBuildPhase section */
		0AD9A3571C2CE32E00EAD258 /* Resources */ = {
			isa = PBXResourcesBuildPhase;
			buildActionMask = 2147483647;
			files = (
				0A4B77C61C3A5DB20003DBD3 /* jxy11_howto.html in Resources */,
				0A4B77BB1C3A5DB20003DBD3 /* coupon_help.html in Resources */,
				0A4B77C11C3A5DB20003DBD3 /* help.html in Resources */,
				0AD9A3B61C2CE76100EAD258 /* GGHall.storyboard in Resources */,
				0A4B77CB1C3A5DB20003DBD3 /* networkconnectedfailed.html in Resources */,
				0AD9A4001C2E8A3400EAD258 /* HMSettingsPush03.plist in Resources */,
				0A4B77C21C3A5DB20003DBD3 /* helpGroupBuy.html in Resources */,
				0AD9A4041C2E8A3400EAD258 /* HMSettingsAbout.plist in Resources */,
				0A4B77BA1C3A5DB20003DBD3 /* bjdc_howto.html in Resources */,
				0AD9A4011C2E8A3400EAD258 /* HMSettingsPush04.plist in Resources */,
				0A4B77BF1C3A5DB20003DBD3 /* gdy11_howto.html in Resources */,
				0A4B77BC1C3A5DB20003DBD3 /* credit_help.html in Resources */,
				0AD9A3BC1C2CE8BB00EAD258 /* GGHistory.storyboard in Resources */,
				0AD9A4031C2E8A3400EAD258 /* HMSettingsPush02.plist in Resources */,
				0A4B77C71C3A5DB20003DBD3 /* k2_howto.html in Resources */,
				0A4B77CE1C3A5DB20003DBD3 /* qlc_howto.html in Resources */,
				0AD9A36C1C2CE32E00EAD258 /* LaunchScreen.storyboard in Resources */,
				0A4B77CC1C3A5DB20003DBD3 /* pl3_howto.html in Resources */,
				0AD9A4661C31256D00EAD258 /* GGProductCell.xib in Resources */,
				0AD9A3BE1C2CE91600EAD258 /* GGMyLottery.storyboard in Resources */,
				0AD9A3B81C2CE7F700EAD258 /* GGArena.storyboard in Resources */,
				0A4B77C51C3A5DB20003DBD3 /* jxssc_howto.html in Resources */,
				0A4B77D31C3A5DB20003DBD3 /* ssq_howto.html in Resources */,
				0A4B77D91C3A5DB20003DBD3 /* products.json in Resources */,
				0A4B77D51C3A5DB20003DBD3 /* y11_howto.html in Resources */,
				0A4B77CA1C3A5DB20003DBD3 /* lk11_howto.html in Resources */,
				0AD9A3BA1C2CE87200EAD258 /* GGDiscovery.storyboard in Resources */,
				0A4B77C31C3A5DB20003DBD3 /* jclq_howto.html in Resources */,
				0AD9A40F1C2EB03B00EAD258 /* GGAboutHeadView.xib in Resources */,
				0A4B77D71C3A5DB20003DBD3 /* help.json in Resources */,
				0A4B77D11C3A5DB20003DBD3 /* sfc_howto.html in Resources */,
				0AD9A3F11C2E71FC00EAD258 /* HMSettingsIndex.plist in Resources */,
				0A4B77BD1C3A5DB20003DBD3 /* dlt_howto.html in Resources */,
				0AD9A3FA1C2E894400EAD258 /* HMSettingsPushRemind.plist in Resources */,
				0A4B77D21C3A5DB20003DBD3 /* ssc_howto.html in Resources */,
				0A4B77D81C3A5DB20003DBD3 /* more_project.json in Resources */,
				0AD9A4021C2E8A3400EAD258 /* HMSettingsPush01.plist in Resources */,
				0A4B77C91C3A5DB20003DBD3 /* kl8_howto.html in Resources */,
				0A4B77D01C3A5DB20003DBD3 /* rule.css in Resources */,
				0A4B77D61C3A5DB20003DBD3 /* znzh.html in Resources */,
				0AD9A3691C2CE32E00EAD258 /* Assets.xcassets in Resources */,
				0A4B77D41C3A5DB20003DBD3 /* x3d_howto.html in Resources */,
				0AD9A3DC1C2D7CEF00EAD258 /* GGTurntable.xib in Resources */,
				0A4B77CF1C3A5DB20003DBD3 /* qxc_howto.html in Resources */,
				0A4B77BE1C3A5DB20003DBD3 /* f9_howto.html in Resources */,
				0A4B77CD1C3A5DB20003DBD3 /* pl5_howto.html in Resources */,
				0A4B77C41C3A5DB20003DBD3 /* jczq_howto.html in Resources */,
				0A4B77C81C3A5DB20003DBD3 /* k3_howto.html in Resources */,
				0A4B77C01C3A5DB20003DBD3 /* group_record.html in Resources */,
			);
			runOnlyForDeploymentPostprocessing = 0;
		};
		0AD9A3701C2CE32E00EAD258 /* Resources */ = {
			isa = PBXResourcesBuildPhase;
			buildActionMask = 2147483647;
			files = (
			);
			runOnlyForDeploymentPostprocessing = 0;
		};
		0AD9A37B1C2CE32E00EAD258 /* Resources */ = {
			isa = PBXResourcesBuildPhase;
			buildActionMask = 2147483647;
			files = (
			);
			runOnlyForDeploymentPostprocessing = 0;
		};
/* End PBXResourcesBuildPhase section */

/* Begin PBXSourcesBuildPhase section */
		0AD9A3551C2CE32E00EAD258 /* Sources */ = {
			isa = PBXSourcesBuildPhase;
			buildActionMask = 2147483647;
			files = (
				0AD9A3CD1C2D417E00EAD258 /* GGHallController.m in Sources */,
				0AD9A4781C31866400EAD258 /* GGWebViewController.m in Sources */,
				0AD9A3E31C2E2C2A00EAD258 /* GGAllLotteryController.m in Sources */,
				0AD9A46F1C3151EA00EAD258 /* GGWebController.m in Sources */,
				0AD9A40D1C2EB02500EAD258 /* GGAboutHeadView.m in Sources */,
				0AD9A4211C3120B700EAD258 /* GGProductModel.m in Sources */,
				0AD9A3611C2CE32E00EAD258 /* AppDelegate.m in Sources */,
				0AD9A47B1C3194A500EAD258 /* GGCollectionCell.m in Sources */,
				0AD9A3F51C2E768D00EAD258 /* GGMainSettingTableViewCell.m in Sources */,
				0AD9A3CA1C2D35D300EAD258 /* GGArenaNavigationController.m in Sources */,
				0AD9A3D31C2D632100EAD258 /* GGLuckyChooseController.m in Sources */,
				0AD9A3C11C2CED3D00EAD258 /* GGButtonTabbar.m in Sources */,
				0AD9A40A1C2EADB900EAD258 /* GGAboutController.m in Sources */,
				0AD9A3D61C2D7CD200EAD258 /* ViewController.m in Sources */,
				0AD9A4691C314BA100EAD258 /* GGQuestionModel.m in Sources */,
				0AD9A3DB1C2D7CEF00EAD258 /* GGTurntableView.m in Sources */,
				0AD9A3E61C2E399700EAD258 /* GGMyLotteryController.m in Sources */,
				0AD9A3EC1C2E3EFB00EAD258 /* GGMianSettingController.m in Sources */,
				0AD9A3D01C2D5BF500EAD258 /* GGHallNavViewController.m in Sources */,
				0AD9A3EF1C2E417900EAD258 /* GGNormalQuestionController.m in Sources */,
				0AD9A4181C2FCBEE00EAD258 /* GGLiveSourceTableViewCell.m in Sources */,
				0AD9A3F81C2E82DE00EAD258 /* GGUserConvertController.m in Sources */,
				0AD9A3E01C2D7CF800EAD258 /* GGSelctionButton.m in Sources */,
				0AD9A3C41C2D2C9700EAD258 /* GGcancleLight.m in Sources */,
				0AD9A35E1C2CE32E00EAD258 /* main.m in Sources */,
				0AD9A41B1C2FD79800EAD258 /* GGLiveScorePushController.m in Sources */,
				0AD9A3B41C2CE64500EAD258 /* GGMainController.m in Sources */,
				0AD9A46C1C314EAC00EAD258 /* GGQuestionCell.m in Sources */,
				0AD9A41E1C311AD000EAD258 /* GGLaunchController.m in Sources */,
				0AD9A3C71C2D302300EAD258 /* GGArenaController.m in Sources */,
				0AD9A4651C31256D00EAD258 /* GGProductCell.m in Sources */,
				0AD9A4121C2EB49900EAD258 /* GGProductShareController.m in Sources */,
			);
			runOnlyForDeploymentPostprocessing = 0;
		};
		0AD9A36E1C2CE32E00EAD258 /* Sources */ = {
			isa = PBXSourcesBuildPhase;
			buildActionMask = 2147483647;
			files = (
				0AD9A3771C2CE32E00EAD258 /* ________Tests.m in Sources */,
			);
			runOnlyForDeploymentPostprocessing = 0;
		};
		0AD9A3791C2CE32E00EAD258 /* Sources */ = {
			isa = PBXSourcesBuildPhase;
			buildActionMask = 2147483647;
			files = (
				0AD9A3821C2CE32E00EAD258 /* ________UITests.m in Sources */,
			);
			runOnlyForDeploymentPostprocessing = 0;
		};
/* End PBXSourcesBuildPhase section */

/* Begin PBXTargetDependency section */
		0AD9A3741C2CE32E00EAD258 /* PBXTargetDependency */ = {
			isa = PBXTargetDependency;
			target = 0AD9A3581C2CE32E00EAD258 /* 彩票彩票买彩票啦 */;
			targetProxy = 0AD9A3731C2CE32E00EAD258 /* PBXContainerItemProxy */;
		};
		0AD9A37F1C2CE32E00EAD258 /* PBXTargetDependency */ = {
			isa = PBXTargetDependency;
			target = 0AD9A3581C2CE32E00EAD258 /* 彩票彩票买彩票啦 */;
			targetProxy = 0AD9A37E1C2CE32E00EAD258 /* PBXContainerItemProxy */;
		};
/* End PBXTargetDependency section */

/* Begin PBXVariantGroup section */
		0AD9A36A1C2CE32E00EAD258 /* LaunchScreen.storyboard */ = {
			isa = PBXVariantGroup;
			children = (
				0AD9A36B1C2CE32E00EAD258 /* Base */,
			);
			name = LaunchScreen.storyboard;
			path = ../..;
			sourceTree = "<group>";
		};
/* End PBXVariantGroup section */

/* Begin XCBuildConfiguration section */
		0AD9A3841C2CE32E00EAD258 /* Debug */ = {
			isa = XCBuildConfiguration;
			buildSettings = {
				ALWAYS_SEARCH_USER_PATHS = NO;
				CLANG_CXX_LANGUAGE_STANDARD = "gnu++0x";
				CLANG_CXX_LIBRARY = "libc++";
				CLANG_ENABLE_MODULES = YES;
				CLANG_ENABLE_OBJC_ARC = YES;
				CLANG_WARN_BOOL_CONVERSION = YES;
				CLANG_WARN_CONSTANT_CONVERSION = YES;
				CLANG_WARN_DIRECT_OBJC_ISA_USAGE = YES_ERROR;
				CLANG_WARN_EMPTY_BODY = YES;
				CLANG_WARN_ENUM_CONVERSION = YES;
				CLANG_WARN_INT_CONVERSION = YES;
				CLANG_WARN_OBJC_ROOT_CLASS = YES_ERROR;
				CLANG_WARN_UNREACHABLE_CODE = YES;
				CLANG_WARN__DUPLICATE_METHOD_MATCH = YES;
				"CODE_SIGN_IDENTITY[sdk=iphoneos*]" = "iPhone Developer";
				COPY_PHASE_STRIP = NO;
				DEBUG_INFORMATION_FORMAT = dwarf;
				ENABLE_STRICT_OBJC_MSGSEND = YES;
				ENABLE_TESTABILITY = YES;
				GCC_C_LANGUAGE_STANDARD = gnu99;
				GCC_DYNAMIC_NO_PIC = NO;
				GCC_NO_COMMON_BLOCKS = YES;
				GCC_OPTIMIZATION_LEVEL = 0;
				GCC_PREPROCESSOR_DEFINITIONS = (
					"DEBUG=1",
					"$(inherited)",
				);
				GCC_WARN_64_TO_32_BIT_CONVERSION = YES;
				GCC_WARN_ABOUT_RETURN_TYPE = YES_ERROR;
				GCC_WARN_UNDECLARED_SELECTOR = YES;
				GCC_WARN_UNINITIALIZED_AUTOS = YES_AGGRESSIVE;
				GCC_WARN_UNUSED_FUNCTION = YES;
				GCC_WARN_UNUSED_VARIABLE = YES;
				IPHONEOS_DEPLOYMENT_TARGET = 9.2;
				MTL_ENABLE_DEBUG_INFO = YES;
				ONLY_ACTIVE_ARCH = YES;
				SDKROOT = iphoneos;
			};
			name = Debug;
		};
		0AD9A3851C2CE32E00EAD258 /* Release */ = {
			isa = XCBuildConfiguration;
			buildSettings = {
				ALWAYS_SEARCH_USER_PATHS = NO;
				CLANG_CXX_LANGUAGE_STANDARD = "gnu++0x";
				CLANG_CXX_LIBRARY = "libc++";
				CLANG_ENABLE_MODULES = YES;
				CLANG_ENABLE_OBJC_ARC = YES;
				CLANG_WARN_BOOL_CONVERSION = YES;
				CLANG_WARN_CONSTANT_CONVERSION = YES;
				CLANG_WARN_DIRECT_OBJC_ISA_USAGE = YES_ERROR;
				CLANG_WARN_EMPTY_BODY = YES;
				CLANG_WARN_ENUM_CONVERSION = YES;
				CLANG_WARN_INT_CONVERSION = YES;
				CLANG_WARN_OBJC_ROOT_CLASS = YES_ERROR;
				CLANG_WARN_UNREACHABLE_CODE = YES;
				CLANG_WARN__DUPLICATE_METHOD_MATCH = YES;
				"CODE_SIGN_IDENTITY[sdk=iphoneos*]" = "iPhone Developer";
				COPY_PHASE_STRIP = NO;
				DEBUG_INFORMATION_FORMAT = "dwarf-with-dsym";
				ENABLE_NS_ASSERTIONS = NO;
				ENABLE_STRICT_OBJC_MSGSEND = YES;
				GCC_C_LANGUAGE_STANDARD = gnu99;
				GCC_NO_COMMON_BLOCKS = YES;
				GCC_WARN_64_TO_32_BIT_CONVERSION = YES;
				GCC_WARN_ABOUT_RETURN_TYPE = YES_ERROR;
				GCC_WARN_UNDECLARED_SELECTOR = YES;
				GCC_WARN_UNINITIALIZED_AUTOS = YES_AGGRESSIVE;
				GCC_WARN_UNUSED_FUNCTION = YES;
				GCC_WARN_UNUSED_VARIABLE = YES;
				IPHONEOS_DEPLOYMENT_TARGET = 9.2;
				MTL_ENABLE_DEBUG_INFO = NO;
				SDKROOT = iphoneos;
				VALIDATE_PRODUCT = YES;
			};
			name = Release;
		};
		0AD9A3871C2CE32E00EAD258 /* Debug */ = {
			isa = XCBuildConfiguration;
			buildSettings = {
				ASSETCATALOG_COMPILER_APPICON_NAME = AppIcon;
				ASSETCATALOG_COMPILER_LAUNCHIMAGE_NAME = "Brand Assets";
				INFOPLIST_FILE = "彩票彩票买彩票啦/Info.plist";
				IPHONEOS_DEPLOYMENT_TARGET = 8.0;
				LD_RUNPATH_SEARCH_PATHS = "$(inherited) @executable_path/Frameworks";
				PRODUCT_BUNDLE_IDENTIFIER = "com.forme.--------";
				PRODUCT_NAME = "$(TARGET_NAME)";
			};
			name = Debug;
		};
		0AD9A3881C2CE32E00EAD258 /* Release */ = {
			isa = XCBuildConfiguration;
			buildSettings = {
				ASSETCATALOG_COMPILER_APPICON_NAME = AppIcon;
				ASSETCATALOG_COMPILER_LAUNCHIMAGE_NAME = "Brand Assets";
				INFOPLIST_FILE = "彩票彩票买彩票啦/Info.plist";
				IPHONEOS_DEPLOYMENT_TARGET = 8.0;
				LD_RUNPATH_SEARCH_PATHS = "$(inherited) @executable_path/Frameworks";
				PRODUCT_BUNDLE_IDENTIFIER = "com.forme.--------";
				PRODUCT_NAME = "$(TARGET_NAME)";
			};
			name = Release;
		};
		0AD9A38A1C2CE32E00EAD258 /* Debug */ = {
			isa = XCBuildConfiguration;
			buildSettings = {
				BUNDLE_LOADER = "$(TEST_HOST)";
				INFOPLIST_FILE = "彩票彩票买彩票啦Tests/Info.plist";
				LD_RUNPATH_SEARCH_PATHS = "$(inherited) @executable_path/Frameworks @loader_path/Frameworks";
				PRODUCT_BUNDLE_IDENTIFIER = "com.forme.--------Tests";
				PRODUCT_NAME = "$(TARGET_NAME)";
				TEST_HOST = "$(BUILT_PRODUCTS_DIR)/彩票彩票买彩票啦.app/彩票彩票买彩票啦";
			};
			name = Debug;
		};
		0AD9A38B1C2CE32E00EAD258 /* Release */ = {
			isa = XCBuildConfiguration;
			buildSettings = {
				BUNDLE_LOADER = "$(TEST_HOST)";
				INFOPLIST_FILE = "彩票彩票买彩票啦Tests/Info.plist";
				LD_RUNPATH_SEARCH_PATHS = "$(inherited) @executable_path/Frameworks @loader_path/Frameworks";
				PRODUCT_BUNDLE_IDENTIFIER = "com.forme.--------Tests";
				PRODUCT_NAME = "$(TARGET_NAME)";
				TEST_HOST = "$(BUILT_PRODUCTS_DIR)/彩票彩票买彩票啦.app/彩票彩票买彩票啦";
			};
			name = Release;
		};
		0AD9A38D1C2CE32E00EAD258 /* Debug */ = {
			isa = XCBuildConfiguration;
			buildSettings = {
				INFOPLIST_FILE = "彩票彩票买彩票啦UITests/Info.plist";
				LD_RUNPATH_SEARCH_PATHS = "$(inherited) @executable_path/Frameworks @loader_path/Frameworks";
				PRODUCT_BUNDLE_IDENTIFIER = "com.forme.--------UITests";
				PRODUCT_NAME = "$(TARGET_NAME)";
				TEST_TARGET_NAME = "彩票彩票买彩票啦";
				USES_XCTRUNNER = YES;
			};
			name = Debug;
		};
		0AD9A38E1C2CE32E00EAD258 /* Release */ = {
			isa = XCBuildConfiguration;
			buildSettings = {
				INFOPLIST_FILE = "彩票彩票买彩票啦UITests/Info.plist";
				LD_RUNPATH_SEARCH_PATHS = "$(inherited) @executable_path/Frameworks @loader_path/Frameworks";
				PRODUCT_BUNDLE_IDENTIFIER = "com.forme.--------UITests";
				PRODUCT_NAME = "$(TARGET_NAME)";
				TEST_TARGET_NAME = "彩票彩票买彩票啦";
				USES_XCTRUNNER = YES;
			};
			name = Release;
		};
/* End XCBuildConfiguration section */

/* Begin XCConfigurationList section */
		0AD9A3541C2CE32E00EAD258 /* Build configuration list for PBXProject "彩票彩票买彩票啦" */ = {
			isa = XCConfigurationList;
			buildConfigurations = (
				0AD9A3841C2CE32E00EAD258 /* Debug */,
				0AD9A3851C2CE32E00EAD258 /* Release */,
			);
			defaultConfigurationIsVisible = 0;
			defaultConfigurationName = Release;
		};
		0AD9A3861C2CE32E00EAD258 /* Build configuration list for PBXNativeTarget "彩票彩票买彩票啦" */ = {
			isa = XCConfigurationList;
			buildConfigurations = (
				0AD9A3871C2CE32E00EAD258 /* Debug */,
				0AD9A3881C2CE32E00EAD258 /* Release */,
			);
			defaultConfigurationIsVisible = 0;
			defaultConfigurationName = Release;
		};
		0AD9A3891C2CE32E00EAD258 /* Build configuration list for PBXNativeTarget "彩票彩票买彩票啦Tests" */ = {
			isa = XCConfigurationList;
			buildConfigurations = (
				0AD9A38A1C2CE32E00EAD258 /* Debug */,
				0AD9A38B1C2CE32E00EAD258 /* Release */,
			);
			defaultConfigurationIsVisible = 0;
			defaultConfigurationName = Release;
		};
		0AD9A38C1C2CE32E00EAD258 /* Build configuration list for PBXNativeTarget "彩票彩票买彩票啦UITests" */ = {
			isa = XCConfigurationList;
			buildConfigurations = (
				0AD9A38D1C2CE32E00EAD258 /* Debug */,
				0AD9A38E1C2CE32E00EAD258 /* Release */,
			);
			defaultConfigurationIsVisible = 0;
			defaultConfigurationName = Release;
		};
/* End XCConfigurationList section */
	};
	rootObject = 0AD9A3511C2CE32E00EAD258 /* Project object */;
}
